{
  "version": "3",
  "packages": {
    "specifiers": {
      "jsr:@std/async@^1.0.0-rc.1": "jsr:@std/async@1.0.0",
      "jsr:@std/cli@^0.224.7": "jsr:@std/cli@0.224.7",
      "jsr:@std/crypto@^1.0.1": "jsr:@std/crypto@1.0.1",
      "jsr:@std/encoding@1.0.0-rc.2": "jsr:@std/encoding@1.0.0-rc.2",
      "jsr:@std/fmt@^0.225.4": "jsr:@std/fmt@0.225.6",
      "jsr:@std/http@^0.224.5": "jsr:@std/http@0.224.5",
      "jsr:@std/media-types@^1.0.0-rc.1": "jsr:@std/media-types@1.0.2",
      "jsr:@std/media-types@^1.0.2": "jsr:@std/media-types@1.0.2",
      "jsr:@std/net@^0.224.3": "jsr:@std/net@0.224.5",
      "jsr:@std/path@1.0.0-rc.2": "jsr:@std/path@1.0.0-rc.2",
      "jsr:@std/path@^1.0.1": "jsr:@std/path@1.0.1",
      "jsr:@std/streams@^0.224.5": "jsr:@std/streams@0.224.5",
      "jsr:@std/uuid@^1.0.0": "jsr:@std/uuid@1.0.0"
    },
    "jsr": {
      "@std/async@1.0.0": {
        "integrity": "19891d4540cd3af5efd1d7b1f0e92f6ca365e51edc263fbc077334173878e528"
      },
      "@std/cli@0.224.7": {
        "integrity": "654ca6477518e5e3a0d3fabafb2789e92b8c0febf1a1d24ba4b567aba94b5977"
      },
      "@std/crypto@1.0.1": {
        "integrity": "5d60e6412b2ce61193e2bb622cba02d34890b3d8c4eef3312e499a77329a6f94"
      },
      "@std/encoding@1.0.0-rc.2": {
        "integrity": "160d7674a20ebfbccdf610b3801fee91cf6e42d1c106dd46bbaf46e395cd35ef"
      },
      "@std/fmt@0.225.6": {
        "integrity": "aba6aea27f66813cecfd9484e074a9e9845782ab0685c030e453a8a70b37afc8"
      },
      "@std/http@0.224.5": {
        "integrity": "b03b5d1529f6c423badfb82f6640f9f2557b4034cd7c30655ba5bb447ff750a4",
        "dependencies": [
          "jsr:@std/async@^1.0.0-rc.1",
          "jsr:@std/cli@^0.224.7",
          "jsr:@std/encoding@1.0.0-rc.2",
          "jsr:@std/fmt@^0.225.4",
          "jsr:@std/media-types@^1.0.0-rc.1",
          "jsr:@std/net@^0.224.3",
          "jsr:@std/path@1.0.0-rc.2",
          "jsr:@std/streams@^0.224.5"
        ]
      },
      "@std/media-types@1.0.2": {
        "integrity": "abb78dc8f7d88141cba8c4d60fc1e8b421e5c7b0d7c84f2f708bc666cad46784"
      },
      "@std/net@0.224.5": {
        "integrity": "9c2ae90a5c3dc7771da5ae5e13b6f7d5d0b316c1954c5d53f2bfc1129fb757ff"
      },
      "@std/path@1.0.0-rc.2": {
        "integrity": "39f20d37a44d1867abac8d91c169359ea6e942237a45a99ee1e091b32b921c7d"
      },
      "@std/path@1.0.1": {
        "integrity": "e061ff02c28481ca49e3a14981875c345e9fc7e973190672782cd0ac8af70428"
      },
      "@std/streams@0.224.5": {
        "integrity": "bcde7818dd5460d474cdbd674b15f6638b9cd73cd64e52bd852fba2bd4d8ec91"
      },
      "@std/uuid@1.0.0": {
        "integrity": "32595ccd31756728c9110cb98e25000e72b8d63151b7211034ea081761ed2104"
      }
    }
  },
  "remote": {
    "https://deno.land/std@0.194.0/fmt/colors.ts": "d67e3cd9f472535241a8e410d33423980bec45047e343577554d3356e1f0ef4e",
    "https://deno.land/std@0.194.0/testing/_diff.ts": "1a3c044aedf77647d6cac86b798c6417603361b66b54c53331b312caeb447aea",
    "https://deno.land/std@0.194.0/testing/_format.ts": "a69126e8a469009adf4cf2a50af889aca364c349797e63174884a52ff75cf4c7",
    "https://deno.land/std@0.194.0/testing/asserts.ts": "056d571baaefc7f13af3e29ad6a66d4dbe5355d3cb2ae130e7d2a1b1e01085e3",
    "https://deno.land/std@0.213.0/assert/assert.ts": "bec068b2fccdd434c138a555b19a2c2393b71dfaada02b7d568a01541e67cdc5",
    "https://deno.land/std@0.213.0/assert/assertion_error.ts": "9f689a101ee586c4ce92f52fa7ddd362e86434ffdf1f848e45987dc7689976b8",
    "https://deno.land/std@0.213.0/bytes/concat.ts": "9cac3b4376afbef98ff03588eb3cf948e0d1eb6c27cfe81a7651ab6dd3adc54a",
    "https://deno.land/std@0.213.0/bytes/copy.ts": "f29c03168853720dfe82eaa57793d0b9e3543ebfe5306684182f0f1e3bfd422a",
    "https://deno.land/std@0.213.0/internal/warn_on_deprecated_api.ts": "0708590b803a3c4462bbd89ee8b9a1b3fe941a7679ee3cfc332227a69b5c36f1",
    "https://deno.land/std@0.213.0/io/_constants.ts": "3c7ad4695832e6e4a32e35f218c70376b62bc78621ef069a4a0a3d55739f8856",
    "https://deno.land/std@0.213.0/io/buffer.ts": "79182995c8340ece2fa8763a8da86d282c507e854921d0a4c2ba7425c63609ef",
    "https://deno.land/std@0.213.0/io/read_all.ts": "876c1cb20adea15349c72afc86cecd3573335845ae778967aefb5e55fe5a8a4a",
    "https://deno.land/std@0.213.0/io/write_all.ts": "24aac2312bb21096ae3ae0b102b22c26164d3249dff96dbac130958aa736f038",
    "https://deno.land/std@0.213.0/streams/read_all.ts": "b39b7d56b3ef9c0f78bbde82244ab3663b4adc1dee1be6ec97c0117f033c884c",
    "https://deno.land/std@0.213.0/streams/reader_from_stream_reader.ts": "f981cf94a42133e5c6ace8c3b500565750806c4fc9802262ee63746abc528b0d",
    "https://deno.land/std@0.221.0/encoding/_util.ts": "beacef316c1255da9bc8e95afb1fa56ed69baef919c88dc06ae6cb7a6103d376",
    "https://deno.land/std@0.221.0/encoding/base64.ts": "8ccae67a1227b875340a8582ff707f37b131df435b07080d3bb58e07f5f97807",
    "https://deno.land/std@0.221.0/encoding/base64url.ts": "9cc46cf510436be63ac00ebf97a7de1993e603ca58e1853b344bf90d80ea9945",
    "https://deno.land/std@0.224.0/assert/assert.ts": "09d30564c09de846855b7b071e62b5974b001bb72a4b797958fe0660e7849834",
    "https://deno.land/std@0.224.0/assert/assertion_error.ts": "ba8752bd27ebc51f723702fac2f54d3e94447598f54264a6653d6413738a8917",
    "https://deno.land/std@0.224.0/http/cookie.ts": "a377fa60175ba5f61dd4b8a70b34f2bbfbc70782dfd5faf36d314c42e4306006",
    "https://deno.land/x/djwt@v3.0.2/algorithm.ts": "b1c6645f9dbd6e6c47c123a3b18c28b956f91c65ed17f5b6d5d968fc3750542b",
    "https://deno.land/x/djwt@v3.0.2/deps.ts": "a7954fe567f2097b4f6aca11d091b6df658e485a817ac4dee47257ed5c28fd6e",
    "https://deno.land/x/djwt@v3.0.2/mod.ts": "962d8f2c4d6a4db111f45d777b152356aec31ba7db0ca664601175a422629857",
    "https://deno.land/x/djwt@v3.0.2/signature.ts": "16238fbf558267c85dd6c0178045f006c8b914a7301db87149f3318326569272",
    "https://deno.land/x/djwt@v3.0.2/util.ts": "5cb264d2125c553678e11446bcfa0494025d120e3f59d0a3ab38f6800def697d"
  },
  "workspace": {
    "dependencies": [
      "jsr:@std/crypto@^1.0.1",
      "jsr:@std/http@^0.224.5",
      "jsr:@std/media-types@^1.0.2",
      "jsr:@std/path@^1.0.1",
      "jsr:@std/uuid@^1.0.0"
    ]
  }
}
